
Microsoft Visual Studio Solution File, Format Version 12.00
# Visual Studio Version 17
VisualStudioVersion = 17.4.33213.308
MinimumVisualStudioVersion = 10.0.40219.1
Project("{2150E333-8FDC-42A3-9474-1A3956D46DE8}") = "FrontEnd", "FrontEnd", "{C843C5BA-D5D9-41C7-A3B6-55D4F18BBC45}"
EndProject
Project("{2150E333-8FDC-42A3-9474-1A3956D46DE8}") = "Services", "Services", "{0F991477-BA64-480B-83A8-5908835A32E9}"
EndProject
Project("{9A19103F-16F7-4668-BE54-9A1E7A4F7556}") = "Geekshopping.ProductAPI", "Geekshopping.ProductAPI\Geekshopping.ProductAPI.csproj", "{C6503A79-CB5C-4D0F-9A6F-5188E371521F}"
EndProject
Project("{FAE04EC0-301F-11D3-BF4B-00C04F79EFBC}") = "GeekShopping.Web", "GeekShopping.Web\GeekShopping.Web.csproj", "{CABDE2FF-2FD7-4C1B-99D6-973373656964}"
EndProject
Global
	GlobalSection(SolutionConfigurationPlatforms) = preSolution
		Debug|Any CPU = Debug|Any CPU
		Release|Any CPU = Release|Any CPU
	EndGlobalSection
	GlobalSection(ProjectConfigurationPlatforms) = postSolution
		{C6503A79-CB5C-4D0F-9A6F-5188E371521F}.Debug|Any CPU.ActiveCfg = Debug|Any CPU
		{C6503A79-CB5C-4D0F-9A6F-5188E371521F}.Debug|Any CPU.Build.0 = Debug|Any CPU
		{C6503A79-CB5C-4D0F-9A6F-5188E371521F}.Release|Any CPU.ActiveCfg = Release|Any CPU
		{C6503A79-CB5C-4D0F-9A6F-5188E371521F}.Release|Any CPU.Build.0 = Release|Any CPU
		{CABDE2FF-2FD7-4C1B-99D6-973373656964}.Debug|Any CPU.ActiveCfg = Debug|Any CPU
		{CABDE2FF-2FD7-4C1B-99D6-973373656964}.Debug|Any CPU.Build.0 = Debug|Any CPU
		{CABDE2FF-2FD7-4C1B-99D6-973373656964}.Release|Any CPU.ActiveCfg = Release|Any CPU
		{CABDE2FF-2FD7-4C1B-99D6-973373656964}.Release|Any CPU.Build.0 = Release|Any CPU
	EndGlobalSection
	GlobalSection(SolutionProperties) = preSolution
		HideSolutionNode = FALSE
	EndGlobalSection
	GlobalSection(NestedProjects) = preSolution
		{C6503A79-CB5C-4D0F-9A6F-5188E371521F} = {0F991477-BA64-480B-83A8-5908835A32E9}
		{CABDE2FF-2FD7-4C1B-99D6-973373656964} = {C843C5BA-D5D9-41C7-A3B6-55D4F18BBC45}
	EndGlobalSection
	GlobalSection(ExtensibilityGlobals) = postSolution
		SolutionGuid = {27198A20-8880-4067-B408-C7EBAB448BCA}
	EndGlobalSection
EndGlobal
